
Microsoft Visual Studio Solution File, Format Version 12.00
# Visual Studio Version 17
VisualStudioVersion = 17.4.33403.182
MinimumVisualStudioVersion = 10.0.40219.1
Project("{FAE04EC0-301F-11D3-BF4B-00C04F79EFBC}") = "CoffeeStore1", "CoffeeStore1.csproj", "{EF9B3BF5-EC5C-477C-94A4-0D340ED2DEA0}"
EndProject
Global
	GlobalSection(SolutionConfigurationPlatforms) = preSolution
		Debug|Any CPU = Debug|Any CPU
		Release|Any CPU = Release|Any CPU
	EndGlobalSection
	GlobalSection(ProjectConfigurationPlatforms) = postSolution
		{EF9B3BF5-EC5C-477C-94A4-0D340ED2DEA0}.Debug|Any CPU.ActiveCfg = Debug|Any CPU
		{EF9B3BF5-EC5C-477C-94A4-0D340ED2DEA0}.Debug|Any CPU.Build.0 = Debug|Any CPU
		{EF9B3BF5-EC5C-477C-94A4-0D340ED2DEA0}.Release|Any CPU.ActiveCfg = Release|Any CPU
		{EF9B3BF5-EC5C-477C-94A4-0D340ED2DEA0}.Release|Any CPU.Build.0 = Release|Any CPU
	EndGlobalSection
	GlobalSection(SolutionProperties) = preSolution
		HideSolutionNode = FALSE
	EndGlobalSection
	GlobalSection(ExtensibilityGlobals) = postSolution
		SolutionGuid = {BE48C95E-4F33-4465-B456-CA5ADE152808}
	EndGlobalSection
EndGlobal
